
Microsoft Visual Studio Solution File, Format Version 12.00
# Visual Studio 15
Project("{FAE04EC0-301F-11D3-BF4B-00C04F79EFBC}") = "Patagoniaarg.Android", "Patagoniaarg.Android\Patagoniaarg.Android.csproj", "{0BAAC842-0030-417C-A23D-07D15735CFBF}"
EndProject
Project("{FAE04EC0-301F-11D3-BF4B-00C04F79EFBC}") = "Patagoniaarg.iOS", "Patagoniaarg.iOS\Patagoniaarg.iOS.csproj", "{1660BBA0-438C-4E31-9B69-F96542B6B69C}"
EndProject
Project("{FAE04EC0-301F-11D3-BF4B-00C04F79EFBC}") = "Patagoniaarg", "Patagoniaarg\Patagoniaarg.csproj", "{CDEFBE78-7D6B-426E-9C98-3FA611CDDCB8}"
EndProject
Global
	GlobalSection(SolutionConfigurationPlatforms) = preSolution
		Debug|Any CPU = Debug|Any CPU
		Release|Any CPU = Release|Any CPU
		Debug|iPhoneSimulator = Debug|iPhoneSimulator
		Release|iPhoneSimulator = Release|iPhoneSimulator
		Debug|iPhone = Debug|iPhone
		Release|iPhone = Release|iPhone
		Ad-Hoc|iPhone = Ad-Hoc|iPhone
		AppStore|iPhone = AppStore|iPhone
	EndGlobalSection
	GlobalSection(ProjectConfigurationPlatforms) = postSolution
		{0BAAC842-0030-417C-A23D-07D15735CFBF}.Debug|Any CPU.ActiveCfg = Debug|Any CPU
		{0BAAC842-0030-417C-A23D-07D15735CFBF}.Debug|Any CPU.Build.0 = Debug|Any CPU
		{0BAAC842-0030-417C-A23D-07D15735CFBF}.Release|Any CPU.ActiveCfg = Release|Any CPU
		{0BAAC842-0030-417C-A23D-07D15735CFBF}.Release|Any CPU.Build.0 = Release|Any CPU
		{0BAAC842-0030-417C-A23D-07D15735CFBF}.Debug|iPhoneSimulator.ActiveCfg = Debug|Any CPU
		{0BAAC842-0030-417C-A23D-07D15735CFBF}.Debug|iPhoneSimulator.Build.0 = Debug|Any CPU
		{0BAAC842-0030-417C-A23D-07D15735CFBF}.Release|iPhoneSimulator.ActiveCfg = Release|Any CPU
		{0BAAC842-0030-417C-A23D-07D15735CFBF}.Release|iPhoneSimulator.Build.0 = Release|Any CPU
		{0BAAC842-0030-417C-A23D-07D15735CFBF}.Debug|iPhone.ActiveCfg = Debug|Any CPU
		{0BAAC842-0030-417C-A23D-07D15735CFBF}.Debug|iPhone.Build.0 = Debug|Any CPU
		{0BAAC842-0030-417C-A23D-07D15735CFBF}.Release|iPhone.ActiveCfg = Release|Any CPU
		{0BAAC842-0030-417C-A23D-07D15735CFBF}.Release|iPhone.Build.0 = Release|Any CPU
		{0BAAC842-0030-417C-A23D-07D15735CFBF}.Ad-Hoc|iPhone.ActiveCfg = Debug|Any CPU
		{0BAAC842-0030-417C-A23D-07D15735CFBF}.Ad-Hoc|iPhone.Build.0 = Debug|Any CPU
		{0BAAC842-0030-417C-A23D-07D15735CFBF}.AppStore|iPhone.ActiveCfg = Debug|Any CPU
		{0BAAC842-0030-417C-A23D-07D15735CFBF}.AppStore|iPhone.Build.0 = Debug|Any CPU
		{1660BBA0-438C-4E31-9B69-F96542B6B69C}.Debug|Any CPU.ActiveCfg = Debug|iPhoneSimulator
		{1660BBA0-438C-4E31-9B69-F96542B6B69C}.Debug|Any CPU.Build.0 = Debug|iPhoneSimulator
		{1660BBA0-438C-4E31-9B69-F96542B6B69C}.Release|Any CPU.ActiveCfg = Release|iPhoneSimulator
		{1660BBA0-438C-4E31-9B69-F96542B6B69C}.Release|Any CPU.Build.0 = Release|iPhoneSimulator
		{1660BBA0-438C-4E31-9B69-F96542B6B69C}.Debug|iPhoneSimulator.ActiveCfg = Debug|iPhoneSimulator
		{1660BBA0-438C-4E31-9B69-F96542B6B69C}.Debug|iPhoneSimulator.Build.0 = Debug|iPhoneSimulator
		{1660BBA0-438C-4E31-9B69-F96542B6B69C}.Release|iPhoneSimulator.ActiveCfg = Release|iPhoneSimulator
		{1660BBA0-438C-4E31-9B69-F96542B6B69C}.Release|iPhoneSimulator.Build.0 = Release|iPhoneSimulator
		{1660BBA0-438C-4E31-9B69-F96542B6B69C}.Debug|iPhone.ActiveCfg = Debug|iPhone
		{1660BBA0-438C-4E31-9B69-F96542B6B69C}.Debug|iPhone.Build.0 = Debug|iPhone
		{1660BBA0-438C-4E31-9B69-F96542B6B69C}.Release|iPhone.ActiveCfg = Release|iPhone
		{1660BBA0-438C-4E31-9B69-F96542B6B69C}.Release|iPhone.Build.0 = Release|iPhone
		{1660BBA0-438C-4E31-9B69-F96542B6B69C}.Ad-Hoc|iPhone.ActiveCfg = Ad-Hoc|iPhone
		{1660BBA0-438C-4E31-9B69-F96542B6B69C}.Ad-Hoc|iPhone.Build.0 = Ad-Hoc|iPhone
		{1660BBA0-438C-4E31-9B69-F96542B6B69C}.AppStore|iPhone.ActiveCfg = AppStore|iPhone
		{1660BBA0-438C-4E31-9B69-F96542B6B69C}.AppStore|iPhone.Build.0 = AppStore|iPhone
		{CDEFBE78-7D6B-426E-9C98-3FA611CDDCB8}.Debug|Any CPU.ActiveCfg = Debug|Any CPU
		{CDEFBE78-7D6B-426E-9C98-3FA611CDDCB8}.Debug|Any CPU.Build.0 = Debug|Any CPU
		{CDEFBE78-7D6B-426E-9C98-3FA611CDDCB8}.Release|Any CPU.ActiveCfg = Release|Any CPU
		{CDEFBE78-7D6B-426E-9C98-3FA611CDDCB8}.Release|Any CPU.Build.0 = Release|Any CPU
		{CDEFBE78-7D6B-426E-9C98-3FA611CDDCB8}.Debug|iPhoneSimulator.ActiveCfg = Debug|Any CPU
		{CDEFBE78-7D6B-426E-9C98-3FA611CDDCB8}.Debug|iPhoneSimulator.Build.0 = Debug|Any CPU
		{CDEFBE78-7D6B-426E-9C98-3FA611CDDCB8}.Release|iPhoneSimulator.ActiveCfg = Release|Any CPU
		{CDEFBE78-7D6B-426E-9C98-3FA611CDDCB8}.Release|iPhoneSimulator.Build.0 = Release|Any CPU
		{CDEFBE78-7D6B-426E-9C98-3FA611CDDCB8}.Debug|iPhone.ActiveCfg = Debug|Any CPU
		{CDEFBE78-7D6B-426E-9C98-3FA611CDDCB8}.Debug|iPhone.Build.0 = Debug|Any CPU
		{CDEFBE78-7D6B-426E-9C98-3FA611CDDCB8}.Release|iPhone.ActiveCfg = Release|Any CPU
		{CDEFBE78-7D6B-426E-9C98-3FA611CDDCB8}.Release|iPhone.Build.0 = Release|Any CPU
		{CDEFBE78-7D6B-426E-9C98-3FA611CDDCB8}.Ad-Hoc|iPhone.ActiveCfg = Debug|Any CPU
		{CDEFBE78-7D6B-426E-9C98-3FA611CDDCB8}.Ad-Hoc|iPhone.Build.0 = Debug|Any CPU
		{CDEFBE78-7D6B-426E-9C98-3FA611CDDCB8}.AppStore|iPhone.ActiveCfg = Debug|Any CPU
		{CDEFBE78-7D6B-426E-9C98-3FA611CDDCB8}.AppStore|iPhone.Build.0 = Debug|Any CPU
	EndGlobalSection
EndGlobal
